{
  "name": "mariarezende07",
  "lockfileVersion": 2,
  "requires": true,
  "packages": {
    "": {
      "dependencies": {
        "devicon": "^2.15.1"
      }
    },
    "node_modules/devicon": {
      "version": "2.15.1",
      "resolved": "https://registry.npmjs.org/devicon/-/devicon-2.15.1.tgz",
      "integrity": "sha512-iyapbDVaq1PgMSMZ4IekgjH230aSUU4kHmZ142lQ2TJ+9HB4P4V78eNDkyaQEEoi0KJhxIGPcTSFqxHaZ4OMyw=="
    }
  },
  "dependencies": {
    "devicon": {
      "version": "2.15.1",
      "resolved": "https://registry.npmjs.org/devicon/-/devicon-2.15.1.tgz",
      "integrity": "sha512-iyapbDVaq1PgMSMZ4IekgjH230aSUU4kHmZ142lQ2TJ+9HB4P4V78eNDkyaQEEoi0KJhxIGPcTSFqxHaZ4OMyw=="
    }
  }
}
